PODS:
  - Bolts (1.1.2)
  - Facebook-iOS-SDK (3.17.0):
    - Bolts
  - FlurrySDK (5.3.0):
    - FlurrySDK/FlurrySDK
  - FlurrySDK/FlurrySDK (5.3.0)
  - Parse (1.4.0):
    - Bolts (~> 1.1.2)
  - ParseFacebookUtils (1.4.0):
    - Facebook-iOS-SDK (~> 3.17.0)
    - Parse (~> 1.4.0)
  - SDWebImage (3.7.1):
    - SDWebImage/Core
  - SDWebImage/Core (3.7.1)
  - SVProgressHUD (1.0)
  - TDBadgedCell (2.6)
  - UIActivityIndicator-for-SDWebImage (1.2):
    - SDWebImage (~> 3.7)
  - ViewDeck (2.2.11)

DEPENDENCIES:
  - FlurrySDK
  - Parse
  - ParseFacebookUtils (~> 1.4.0)
  - SDWebImage
  - SVProgressHUD
  - TDBadgedCell
  - UIActivityIndicator-for-SDWebImage
  - ViewDeck (~> 2.2.11)

SPEC CHECKSUMS:
  Bolts: 2635e8698a630774689441047f3465d78c48d485
  Facebook-iOS-SDK: f20274d809f112ba540842e2b6cbe50128d51b7b
  FlurrySDK: e1142ae33e294f8307bd6d2209cc082e79b66e90
  Parse: 217a57ed13e870a744fe746fcc01a3fef6a9b750
  ParseFacebookUtils: 9af9a25b76402744a0675ab7897b150765e624c8
  SDWebImage: 116e88633b5b416ea0ca4b334a4ac59cf72dd38d
  SVProgressHUD: 5034c6e22b8c2ca3e09402e48d41ed0340aa1c50
  TDBadgedCell: e683b5557d12ea4e28a8d6ac20b6e394abc2c1fe
  UIActivityIndicator-for-SDWebImage: 8bd92c15280fbe54816448c6b14674145eee05c7
  ViewDeck: 2f38c054dfe8e69af4877c006785996faa277902

COCOAPODS: 0.33.1
