PODS:
  - Facebook-iOS-SDK (3.11.1)
  - FlurrySDK (4.3.0)
  - Parse (1.2.18):
    - Facebook-iOS-SDK (~> 3.11)
  - SDWebImage (3.5.2):
    - SDWebImage/Core
  - SDWebImage/Core (3.5.2)
  - TDBadgedCell (2.5.1)
  - UIActivityIndicator-for-SDWebImage (1.0.3):
    - SDWebImage (~> 3.2)
  - ViewDeck (2.2.11)

DEPENDENCIES:
  - FlurrySDK
  - Parse
  - SDWebImage (~> 3.5.2)
  - TDBadgedCell
  - UIActivityIndicator-for-SDWebImage (~> 1.0.3)
  - ViewDeck (~> 2.2.11)

SPEC CHECKSUMS:
  Facebook-iOS-SDK: 42a1de39170b858d675c2453d8aace55c51be2bb
  FlurrySDK: 7d91ccc3b3591fd8eb8919f2b90e271e2b0acabe
  Parse: 6dd57f2af9f89dc6facc755cec4e96f8b739b1fb
  SDWebImage: fe7ce01ae4e0a884d168f59c9dd82d35baf8429e
  TDBadgedCell: 1bcd5d1def531921e901f11697f1dd59c781ea9f
  UIActivityIndicator-for-SDWebImage: e712b97826395022ce7b4a4b56eb7194090c19d5
  ViewDeck: b5eddc8559b0e47259ab7addbf2de6768061f139

COCOAPODS: 0.29.0
