// !$*UTF8*$!
{
	archiveVersion = 1;
	classes = {
	};
	objectVersion = 46;
	objects = {

/* Begin PBXBuildFile section */
		163EDC5A18EA1F4B00371F31 /* LoginViewController.m in Sources */ = {isa = PBXBuildFile; fileRef = 163EDC5918EA1F4B00371F31 /* LoginViewController.m */; };
		1661AEEA189EE0F0007449B0 /* MHTabBarActiveTab.png in Resources */ = {isa = PBXBuildFile; fileRef = 1661AEE2189EE0F0007449B0 /* MHTabBarActiveTab.png */; };
		1661AEEB189EE0F0007449B0 /* MHTabBarActiveTab@2x.png in Resources */ = {isa = PBXBuildFile; fileRef = 1661AEE3189EE0F0007449B0 /* MHTabBarActiveTab@2x.png */; };
		1661AEEC189EE0F0007449B0 /* MHTabBarController.m in Sources */ = {isa = PBXBuildFile; fileRef = 1661AEE5189EE0F0007449B0 /* MHTabBarController.m */; };
		1661AEED189EE0F0007449B0 /* MHTabBarInactiveTab.png in Resources */ = {isa = PBXBuildFile; fileRef = 1661AEE6189EE0F0007449B0 /* MHTabBarInactiveTab.png */; };
		1661AEEE189EE0F0007449B0 /* MHTabBarInactiveTab@2x.png in Resources */ = {isa = PBXBuildFile; fileRef = 1661AEE7189EE0F0007449B0 /* MHTabBarInactiveTab@2x.png */; };
		1661AEEF189EE0F0007449B0 /* MHTabBarIndicator.png in Resources */ = {isa = PBXBuildFile; fileRef = 1661AEE8189EE0F0007449B0 /* MHTabBarIndicator.png */; };
		1661AEF0189EE0F0007449B0 /* MHTabBarIndicator@2x.png in Resources */ = {isa = PBXBuildFile; fileRef = 1661AEE9189EE0F0007449B0 /* MHTabBarIndicator@2x.png */; };
		1661AEF3189EE1FC007449B0 /* SettingsViewController.m in Sources */ = {isa = PBXBuildFile; fileRef = 1661AEF2189EE1FC007449B0 /* SettingsViewController.m */; };
		1670867A188A302C0083CFA9 /* AudioToolbox.framework in Frameworks */ = {isa = PBXBuildFile; fileRef = 16708679188A302C0083CFA9 /* AudioToolbox.framework */; };
		1670867C188A30320083CFA9 /* CFNetwork.framework in Frameworks */ = {isa = PBXBuildFile; fileRef = 1670867B188A30320083CFA9 /* CFNetwork.framework */; };
		1670867E188A30420083CFA9 /* CoreLocation.framework in Frameworks */ = {isa = PBXBuildFile; fileRef = 1670867D188A30420083CFA9 /* CoreLocation.framework */; };
		16708680188A30510083CFA9 /* libz.dylib in Frameworks */ = {isa = PBXBuildFile; fileRef = 1670867F188A30510083CFA9 /* libz.dylib */; };
		16708682188A305C0083CFA9 /* MobileCoreServices.framework in Frameworks */ = {isa = PBXBuildFile; fileRef = 16708681188A305C0083CFA9 /* MobileCoreServices.framework */; };
		16708684188A30630083CFA9 /* QuartzCore.framework in Frameworks */ = {isa = PBXBuildFile; fileRef = 16708683188A30630083CFA9 /* QuartzCore.framework */; };
		16708686188A306C0083CFA9 /* Security.framework in Frameworks */ = {isa = PBXBuildFile; fileRef = 16708685188A306C0083CFA9 /* Security.framework */; };
		16708688188A307D0083CFA9 /* StoreKit.framework in Frameworks */ = {isa = PBXBuildFile; fileRef = 16708687188A307D0083CFA9 /* StoreKit.framework */; };
		1670868A188A30850083CFA9 /* SystemConfiguration.framework in Frameworks */ = {isa = PBXBuildFile; fileRef = 16708689188A30850083CFA9 /* SystemConfiguration.framework */; };
		167BDBEB188A7AA900931CFE /* InviteToGameTableViewController.m in Sources */ = {isa = PBXBuildFile; fileRef = 167BDBEA188A7AA900931CFE /* InviteToGameTableViewController.m */; };
		168C96D4189EE51E00A890C4 /* TabBarViewController.m in Sources */ = {isa = PBXBuildFile; fileRef = 168C96D3189EE51E00A890C4 /* TabBarViewController.m */; };
		168C96D7189EED8700A890C4 /* FindFriendsSearchViewController.m in Sources */ = {isa = PBXBuildFile; fileRef = 168C96D6189EED8700A890C4 /* FindFriendsSearchViewController.m */; };
		168C96DA189EEF6300A890C4 /* FindFriendsFacebookViewController.m in Sources */ = {isa = PBXBuildFile; fileRef = 168C96D9189EEF6300A890C4 /* FindFriendsFacebookViewController.m */; };
		168C96DD189EEF7700A890C4 /* AllFriendsViewController.m in Sources */ = {isa = PBXBuildFile; fileRef = 168C96DC189EEF7700A890C4 /* AllFriendsViewController.m */; };
		16ADFF8118BA95C30051B099 /* UIColor+FTColor.m in Sources */ = {isa = PBXBuildFile; fileRef = 16ADFF8018BA95C30051B099 /* UIColor+FTColor.m */; };
		16ADFF8518BC02470051B099 /* GameCell.m in Sources */ = {isa = PBXBuildFile; fileRef = 16ADFF8418BC02470051B099 /* GameCell.m */; };
		16DF164718C3F5E300DC27FC /* raleway_thin.otf in Resources */ = {isa = PBXBuildFile; fileRef = 16DF164618C3F5E300DC27FC /* raleway_thin.otf */; };
		16DF164A18C4452300DC27FC /* UserCell.m in Sources */ = {isa = PBXBuildFile; fileRef = 16DF164918C4452300DC27FC /* UserCell.m */; };
		6BAFF122517A4242B070DA3D /* libPods.a in Frameworks */ = {isa = PBXBuildFile; fileRef = 6ACFA5F764264A56BB6CDB6F /* libPods.a */; };
		E1878089188A296C00E48E49 /* Foundation.framework in Frameworks */ = {isa = PBXBuildFile; fileRef = E1878088188A296C00E48E49 /* Foundation.framework */; };
		E187808D188A296C00E48E49 /* UIKit.framework in Frameworks */ = {isa = PBXBuildFile; fileRef = E187808C188A296C00E48E49 /* UIKit.framework */; };
		E1878093188A296C00E48E49 /* InfoPlist.strings in Resources */ = {isa = PBXBuildFile; fileRef = E1878091188A296C00E48E49 /* InfoPlist.strings */; };
		E1878095188A296C00E48E49 /* main.m in Sources */ = {isa = PBXBuildFile; fileRef = E1878094188A296C00E48E49 /* main.m */; };
		E1878099188A296C00E48E49 /* AppDelegate.m in Sources */ = {isa = PBXBuildFile; fileRef = E1878098188A296C00E48E49 /* AppDelegate.m */; };
		E187809C188A296C00E48E49 /* Main_iPhone.storyboard in Resources */ = {isa = PBXBuildFile; fileRef = E187809A188A296C00E48E49 /* Main_iPhone.storyboard */; };
		E187809F188A296C00E48E49 /* Main_iPad.storyboard in Resources */ = {isa = PBXBuildFile; fileRef = E187809D188A296C00E48E49 /* Main_iPad.storyboard */; };
		E18780A4188A296C00E48E49 /* Images.xcassets in Resources */ = {isa = PBXBuildFile; fileRef = E18780A3188A296C00E48E49 /* Images.xcassets */; };
		E18780AB188A296C00E48E49 /* XCTest.framework in Frameworks */ = {isa = PBXBuildFile; fileRef = E18780AA188A296C00E48E49 /* XCTest.framework */; };
		E18780AC188A296C00E48E49 /* Foundation.framework in Frameworks */ = {isa = PBXBuildFile; fileRef = E1878088188A296C00E48E49 /* Foundation.framework */; };
		E18780AD188A296C00E48E49 /* UIKit.framework in Frameworks */ = {isa = PBXBuildFile; fileRef = E187808C188A296C00E48E49 /* UIKit.framework */; };
		E18780B5188A296C00E48E49 /* InfoPlist.strings in Resources */ = {isa = PBXBuildFile; fileRef = E18780B3188A296C00E48E49 /* InfoPlist.strings */; };
		E18780B7188A296C00E48E49 /* FaceTagTests.m in Sources */ = {isa = PBXBuildFile; fileRef = E18780B6188A296C00E48E49 /* FaceTagTests.m */; };
		E1919117190D8A750018E1D1 /* CoreGraphics.framework in Frameworks */ = {isa = PBXBuildFile; fileRef = E187808A188A296C00E48E49 /* CoreGraphics.framework */; };
		E1919119190D9BB50018E1D1 /* strings_private.strings in Resources */ = {isa = PBXBuildFile; fileRef = E1919118190D9BB50018E1D1 /* strings_private.strings */; };
		E192E6FA189F01830042C4B8 /* Crashlytics.framework in Frameworks */ = {isa = PBXBuildFile; fileRef = E192E6F9189F01830042C4B8 /* Crashlytics.framework */; };
		E19A5670188A4176009E3150 /* LobbyViewController.m in Sources */ = {isa = PBXBuildFile; fileRef = E19A566D188A4176009E3150 /* LobbyViewController.m */; };
		E19A5674188A45C2009E3150 /* SetupViewController.m in Sources */ = {isa = PBXBuildFile; fileRef = E19A5673188A45C2009E3150 /* SetupViewController.m */; };
		E19A567A188A9764009E3150 /* DeckViewController.m in Sources */ = {isa = PBXBuildFile; fileRef = E19A5679188A9764009E3150 /* DeckViewController.m */; };
		E19A567D188A9844009E3150 /* ParticipantsViewController.m in Sources */ = {isa = PBXBuildFile; fileRef = E19A567C188A9844009E3150 /* ParticipantsViewController.m */; };
		E19A5680188AF4D2009E3150 /* ConfirmDenyViewController.m in Sources */ = {isa = PBXBuildFile; fileRef = E19A567F188AF4D2009E3150 /* ConfirmDenyViewController.m */; };
		E1AD9A53189717E70060A615 /* GameSelectionViewController.m in Sources */ = {isa = PBXBuildFile; fileRef = E1AD9A52189717E70060A615 /* GameSelectionViewController.m */; };
		E1DB8C0A188A3C8E00FA3713 /* GameViewController.m in Sources */ = {isa = PBXBuildFile; fileRef = E1DB8C09188A3C8E00FA3713 /* GameViewController.m */; };
/* End PBXBuildFile section */

/* Begin PBXContainerItemProxy section */
		E18780AE188A296C00E48E49 /* PBXContainerItemProxy */ = {
			isa = PBXContainerItemProxy;
			containerPortal = E187807D188A296C00E48E49 /* Project object */;
			proxyType = 1;
			remoteGlobalIDString = E1878084188A296C00E48E49;
			remoteInfo = FaceTag;
		};
/* End PBXContainerItemProxy section */

/* Begin PBXFileReference section */
		163EDC5818EA1F4B00371F31 /* LoginViewController.h */ = {isa = PBXFileReference; fileEncoding = 4; lastKnownFileType = sourcecode.c.h; path = LoginViewController.h; sourceTree = "<group>"; };
		163EDC5918EA1F4B00371F31 /* LoginViewController.m */ = {isa = PBXFileReference; fileEncoding = 4; lastKnownFileType = sourcecode.c.objc; path = LoginViewController.m; sourceTree = "<group>"; };
		1661AEE2189EE0F0007449B0 /* MHTabBarActiveTab.png */ = {isa = PBXFileReference; lastKnownFileType = image.png; path = MHTabBarActiveTab.png; sourceTree = "<group>"; };
		1661AEE3189EE0F0007449B0 /* MHTabBarActiveTab@2x.png */ = {isa = PBXFileReference; lastKnownFileType = image.png; path = "MHTabBarActiveTab@2x.png"; sourceTree = "<group>"; };
		1661AEE4189EE0F0007449B0 /* MHTabBarController.h */ = {isa = PBXFileReference; fileEncoding = 4; lastKnownFileType = sourcecode.c.h; path = MHTabBarController.h; sourceTree = "<group>"; };
		1661AEE5189EE0F0007449B0 /* MHTabBarController.m */ = {isa = PBXFileReference; fileEncoding = 4; lastKnownFileType = sourcecode.c.objc; path = MHTabBarController.m; sourceTree = "<group>"; };
		1661AEE6189EE0F0007449B0 /* MHTabBarInactiveTab.png */ = {isa = PBXFileReference; lastKnownFileType = image.png; path = MHTabBarInactiveTab.png; sourceTree = "<group>"; };
		1661AEE7189EE0F0007449B0 /* MHTabBarInactiveTab@2x.png */ = {isa = PBXFileReference; lastKnownFileType = image.png; path = "MHTabBarInactiveTab@2x.png"; sourceTree = "<group>"; };
		1661AEE8189EE0F0007449B0 /* MHTabBarIndicator.png */ = {isa = PBXFileReference; lastKnownFileType = image.png; path = MHTabBarIndicator.png; sourceTree = "<group>"; };
		1661AEE9189EE0F0007449B0 /* MHTabBarIndicator@2x.png */ = {isa = PBXFileReference; lastKnownFileType = image.png; path = "MHTabBarIndicator@2x.png"; sourceTree = "<group>"; };
		1661AEF1189EE1FC007449B0 /* SettingsViewController.h */ = {isa = PBXFileReference; fileEncoding = 4; lastKnownFileType = sourcecode.c.h; path = SettingsViewController.h; sourceTree = "<group>"; };
		1661AEF2189EE1FC007449B0 /* SettingsViewController.m */ = {isa = PBXFileReference; fileEncoding = 4; lastKnownFileType = sourcecode.c.objc; path = SettingsViewController.m; sourceTree = "<group>"; };
		16708679188A302C0083CFA9 /* AudioToolbox.framework */ = {isa = PBXFileReference; lastKnownFileType = wrapper.framework; name = AudioToolbox.framework; path = System/Library/Frameworks/AudioToolbox.framework; sourceTree = SDKROOT; };
		1670867B188A30320083CFA9 /* CFNetwork.framework */ = {isa = PBXFileReference; lastKnownFileType = wrapper.framework; name = CFNetwork.framework; path = System/Library/Frameworks/CFNetwork.framework; sourceTree = SDKROOT; };
		1670867D188A30420083CFA9 /* CoreLocation.framework */ = {isa = PBXFileReference; lastKnownFileType = wrapper.framework; name = CoreLocation.framework; path = System/Library/Frameworks/CoreLocation.framework; sourceTree = SDKROOT; };
		1670867F188A30510083CFA9 /* libz.dylib */ = {isa = PBXFileReference; lastKnownFileType = "compiled.mach-o.dylib"; name = libz.dylib; path = usr/lib/libz.dylib; sourceTree = SDKROOT; };
		16708681188A305C0083CFA9 /* MobileCoreServices.framework */ = {isa = PBXFileReference; lastKnownFileType = wrapper.framework; name = MobileCoreServices.framework; path = System/Library/Frameworks/MobileCoreServices.framework; sourceTree = SDKROOT; };
		16708683188A30630083CFA9 /* QuartzCore.framework */ = {isa = PBXFileReference; lastKnownFileType = wrapper.framework; name = QuartzCore.framework; path = System/Library/Frameworks/QuartzCore.framework; sourceTree = SDKROOT; };
		16708685188A306C0083CFA9 /* Security.framework */ = {isa = PBXFileReference; lastKnownFileType = wrapper.framework; name = Security.framework; path = System/Library/Frameworks/Security.framework; sourceTree = SDKROOT; };
		16708687188A307D0083CFA9 /* StoreKit.framework */ = {isa = PBXFileReference; lastKnownFileType = wrapper.framework; name = StoreKit.framework; path = System/Library/Frameworks/StoreKit.framework; sourceTree = SDKROOT; };
		16708689188A30850083CFA9 /* SystemConfiguration.framework */ = {isa = PBXFileReference; lastKnownFileType = wrapper.framework; name = SystemConfiguration.framework; path = System/Library/Frameworks/SystemConfiguration.framework; sourceTree = SDKROOT; };
		167BDBE9188A7AA900931CFE /* InviteToGameTableViewController.h */ = {isa = PBXFileReference; fileEncoding = 4; lastKnownFileType = sourcecode.c.h; path = InviteToGameTableViewController.h; sourceTree = "<group>"; };
		167BDBEA188A7AA900931CFE /* InviteToGameTableViewController.m */ = {isa = PBXFileReference; fileEncoding = 4; lastKnownFileType = sourcecode.c.objc; path = InviteToGameTableViewController.m; sourceTree = "<group>"; };
		168C96D2189EE51D00A890C4 /* TabBarViewController.h */ = {isa = PBXFileReference; fileEncoding = 4; lastKnownFileType = sourcecode.c.h; path = TabBarViewController.h; sourceTree = "<group>"; };
		168C96D3189EE51E00A890C4 /* TabBarViewController.m */ = {isa = PBXFileReference; fileEncoding = 4; lastKnownFileType = sourcecode.c.objc; path = TabBarViewController.m; sourceTree = "<group>"; };
		168C96D5189EED8700A890C4 /* FindFriendsSearchViewController.h */ = {isa = PBXFileReference; fileEncoding = 4; lastKnownFileType = sourcecode.c.h; path = FindFriendsSearchViewController.h; sourceTree = "<group>"; };
		168C96D6189EED8700A890C4 /* FindFriendsSearchViewController.m */ = {isa = PBXFileReference; fileEncoding = 4; lastKnownFileType = sourcecode.c.objc; path = FindFriendsSearchViewController.m; sourceTree = "<group>"; };
		168C96D8189EEF6300A890C4 /* FindFriendsFacebookViewController.h */ = {isa = PBXFileReference; fileEncoding = 4; lastKnownFileType = sourcecode.c.h; path = FindFriendsFacebookViewController.h; sourceTree = "<group>"; };
		168C96D9189EEF6300A890C4 /* FindFriendsFacebookViewController.m */ = {isa = PBXFileReference; fileEncoding = 4; lastKnownFileType = sourcecode.c.objc; path = FindFriendsFacebookViewController.m; sourceTree = "<group>"; };
		168C96DB189EEF7700A890C4 /* AllFriendsViewController.h */ = {isa = PBXFileReference; fileEncoding = 4; lastKnownFileType = sourcecode.c.h; path = AllFriendsViewController.h; sourceTree = "<group>"; };
		168C96DC189EEF7700A890C4 /* AllFriendsViewController.m */ = {isa = PBXFileReference; fileEncoding = 4; lastKnownFileType = sourcecode.c.objc; path = AllFriendsViewController.m; sourceTree = "<group>"; };
		16ADFF7F18BA95C30051B099 /* UIColor+FTColor.h */ = {isa = PBXFileReference; fileEncoding = 4; lastKnownFileType = sourcecode.c.h; path = "UIColor+FTColor.h"; sourceTree = "<group>"; };
		16ADFF8018BA95C30051B099 /* UIColor+FTColor.m */ = {isa = PBXFileReference; fileEncoding = 4; lastKnownFileType = sourcecode.c.objc; path = "UIColor+FTColor.m"; sourceTree = "<group>"; };
		16ADFF8318BC02470051B099 /* GameCell.h */ = {isa = PBXFileReference; fileEncoding = 4; lastKnownFileType = sourcecode.c.h; path = GameCell.h; sourceTree = "<group>"; };
		16ADFF8418BC02470051B099 /* GameCell.m */ = {isa = PBXFileReference; fileEncoding = 4; lastKnownFileType = sourcecode.c.objc; path = GameCell.m; sourceTree = "<group>"; };
		16DF164618C3F5E300DC27FC /* raleway_thin.otf */ = {isa = PBXFileReference; lastKnownFileType = file; path = raleway_thin.otf; sourceTree = "<group>"; };
		16DF164818C4452300DC27FC /* UserCell.h */ = {isa = PBXFileReference; fileEncoding = 4; lastKnownFileType = sourcecode.c.h; path = UserCell.h; sourceTree = "<group>"; };
		16DF164918C4452300DC27FC /* UserCell.m */ = {isa = PBXFileReference; fileEncoding = 4; lastKnownFileType = sourcecode.c.objc; path = UserCell.m; sourceTree = "<group>"; };
		6ACFA5F764264A56BB6CDB6F /* libPods.a */ = {isa = PBXFileReference; explicitFileType = archive.ar; includeInIndex = 0; path = libPods.a; sourceTree = BUILT_PRODUCTS_DIR; };
		BABC1E38437146AA8BC0B552 /* Pods.xcconfig */ = {isa = PBXFileReference; includeInIndex = 1; lastKnownFileType = text.xcconfig; name = Pods.xcconfig; path = Pods/Pods.xcconfig; sourceTree = "<group>"; };
		E1878085188A296C00E48E49 /* FaceTag - Photo Tag Game.app */ = {isa = PBXFileReference; explicitFileType = wrapper.application; includeInIndex = 0; path = "FaceTag - Photo Tag Game.app"; sourceTree = BUILT_PRODUCTS_DIR; };
		E1878088188A296C00E48E49 /* Foundation.framework */ = {isa = PBXFileReference; lastKnownFileType = wrapper.framework; name = Foundation.framework; path = System/Library/Frameworks/Foundation.framework; sourceTree = SDKROOT; };
		E187808A188A296C00E48E49 /* CoreGraphics.framework */ = {isa = PBXFileReference; lastKnownFileType = wrapper.framework; name = CoreGraphics.framework; path = System/Library/Frameworks/CoreGraphics.framework; sourceTree = SDKROOT; };
		E187808C188A296C00E48E49 /* UIKit.framework */ = {isa = PBXFileReference; lastKnownFileType = wrapper.framework; name = UIKit.framework; path = System/Library/Frameworks/UIKit.framework; sourceTree = SDKROOT; };
		E1878090188A296C00E48E49 /* FaceTag-Info.plist */ = {isa = PBXFileReference; lastKnownFileType = text.plist.xml; path = "FaceTag-Info.plist"; sourceTree = "<group>"; };
		E1878092188A296C00E48E49 /* en */ = {isa = PBXFileReference; lastKnownFileType = text.plist.strings; name = en; path = en.lproj/InfoPlist.strings; sourceTree = "<group>"; };
		E1878094188A296C00E48E49 /* main.m */ = {isa = PBXFileReference; lastKnownFileType = sourcecode.c.objc; path = main.m; sourceTree = "<group>"; };
		E1878096188A296C00E48E49 /* FaceTag-Prefix.pch */ = {isa = PBXFileReference; lastKnownFileType = sourcecode.c.h; path = "FaceTag-Prefix.pch"; sourceTree = "<group>"; };
		E1878097188A296C00E48E49 /* AppDelegate.h */ = {isa = PBXFileReference; lastKnownFileType = sourcecode.c.h; path = AppDelegate.h; sourceTree = "<group>"; };
		E1878098188A296C00E48E49 /* AppDelegate.m */ = {isa = PBXFileReference; lastKnownFileType = sourcecode.c.objc; path = AppDelegate.m; sourceTree = "<group>"; };
		E187809B188A296C00E48E49 /* Base */ = {isa = PBXFileReference; lastKnownFileType = file.storyboard; name = Base; path = Base.lproj/Main_iPhone.storyboard; sourceTree = "<group>"; };
		E187809E188A296C00E48E49 /* Base */ = {isa = PBXFileReference; lastKnownFileType = file.storyboard; name = Base; path = Base.lproj/Main_iPad.storyboard; sourceTree = "<group>"; };
		E18780A3188A296C00E48E49 /* Images.xcassets */ = {isa = PBXFileReference; lastKnownFileType = folder.assetcatalog; path = Images.xcassets; sourceTree = "<group>"; };
		E18780A9188A296C00E48E49 /* FaceTagTests.xctest */ = {isa = PBXFileReference; explicitFileType = wrapper.cfbundle; includeInIndex = 0; path = FaceTagTests.xctest; sourceTree = BUILT_PRODUCTS_DIR; };
		E18780AA188A296C00E48E49 /* XCTest.framework */ = {isa = PBXFileReference; lastKnownFileType = wrapper.framework; name = XCTest.framework; path = Library/Frameworks/XCTest.framework; sourceTree = DEVELOPER_DIR; };
		E18780B2188A296C00E48E49 /* FaceTagTests-Info.plist */ = {isa = PBXFileReference; lastKnownFileType = text.plist.xml; path = "FaceTagTests-Info.plist"; sourceTree = "<group>"; };
		E18780B4188A296C00E48E49 /* en */ = {isa = PBXFileReference; lastKnownFileType = text.plist.strings; name = en; path = en.lproj/InfoPlist.strings; sourceTree = "<group>"; };
		E18780B6188A296C00E48E49 /* FaceTagTests.m */ = {isa = PBXFileReference; lastKnownFileType = sourcecode.c.objc; path = FaceTagTests.m; sourceTree = "<group>"; };
		E1919118190D9BB50018E1D1 /* strings_private.strings */ = {isa = PBXFileReference; fileEncoding = 4; lastKnownFileType = text.plist.strings; path = strings_private.strings; sourceTree = "<group>"; };
		E192E6F9189F01830042C4B8 /* Crashlytics.framework */ = {isa = PBXFileReference; lastKnownFileType = wrapper.framework; path = Crashlytics.framework; sourceTree = "<group>"; };
		E19A566C188A4176009E3150 /* LobbyViewController.h */ = {isa = PBXFileReference; fileEncoding = 4; lastKnownFileType = sourcecode.c.h; path = LobbyViewController.h; sourceTree = "<group>"; };
		E19A566D188A4176009E3150 /* LobbyViewController.m */ = {isa = PBXFileReference; fileEncoding = 4; lastKnownFileType = sourcecode.c.objc; path = LobbyViewController.m; sourceTree = "<group>"; };
		E19A5672188A45C2009E3150 /* SetupViewController.h */ = {isa = PBXFileReference; fileEncoding = 4; lastKnownFileType = sourcecode.c.h; path = SetupViewController.h; sourceTree = "<group>"; };
		E19A5673188A45C2009E3150 /* SetupViewController.m */ = {isa = PBXFileReference; fileEncoding = 4; lastKnownFileType = sourcecode.c.objc; path = SetupViewController.m; sourceTree = "<group>"; };
		E19A5678188A9764009E3150 /* DeckViewController.h */ = {isa = PBXFileReference; fileEncoding = 4; lastKnownFileType = sourcecode.c.h; path = DeckViewController.h; sourceTree = "<group>"; };
		E19A5679188A9764009E3150 /* DeckViewController.m */ = {isa = PBXFileReference; fileEncoding = 4; lastKnownFileType = sourcecode.c.objc; path = DeckViewController.m; sourceTree = "<group>"; };
		E19A567B188A9844009E3150 /* ParticipantsViewController.h */ = {isa = PBXFileReference; fileEncoding = 4; lastKnownFileType = sourcecode.c.h; path = ParticipantsViewController.h; sourceTree = "<group>"; };
		E19A567C188A9844009E3150 /* ParticipantsViewController.m */ = {isa = PBXFileReference; fileEncoding = 4; lastKnownFileType = sourcecode.c.objc; path = ParticipantsViewController.m; sourceTree = "<group>"; };
		E19A567E188AF4D2009E3150 /* ConfirmDenyViewController.h */ = {isa = PBXFileReference; fileEncoding = 4; lastKnownFileType = sourcecode.c.h; path = ConfirmDenyViewController.h; sourceTree = "<group>"; };
		E19A567F188AF4D2009E3150 /* ConfirmDenyViewController.m */ = {isa = PBXFileReference; fileEncoding = 4; lastKnownFileType = sourcecode.c.objc; path = ConfirmDenyViewController.m; sourceTree = "<group>"; };
		E1AD9A51189717E70060A615 /* GameSelectionViewController.h */ = {isa = PBXFileReference; fileEncoding = 4; lastKnownFileType = sourcecode.c.h; path = GameSelectionViewController.h; sourceTree = "<group>"; };
		E1AD9A52189717E70060A615 /* GameSelectionViewController.m */ = {isa = PBXFileReference; fileEncoding = 4; lastKnownFileType = sourcecode.c.objc; path = GameSelectionViewController.m; sourceTree = "<group>"; };
		E1DB8C08188A3C8E00FA3713 /* GameViewController.h */ = {isa = PBXFileReference; fileEncoding = 4; lastKnownFileType = sourcecode.c.h; path = GameViewController.h; sourceTree = "<group>"; };
		E1DB8C09188A3C8E00FA3713 /* GameViewController.m */ = {isa = PBXFileReference; fileEncoding = 4; lastKnownFileType = sourcecode.c.objc; path = GameViewController.m; sourceTree = "<group>"; };
/* End PBXFileReference section */

/* Begin PBXFrameworksBuildPhase section */
		E1878082188A296C00E48E49 /* Frameworks */ = {
			isa = PBXFrameworksBuildPhase;
			buildActionMask = 2147483647;
			files = (
				E1919117190D8A750018E1D1 /* CoreGraphics.framework in Frameworks */,
				E192E6FA189F01830042C4B8 /* Crashlytics.framework in Frameworks */,
				1670868A188A30850083CFA9 /* SystemConfiguration.framework in Frameworks */,
				16708688188A307D0083CFA9 /* StoreKit.framework in Frameworks */,
				16708686188A306C0083CFA9 /* Security.framework in Frameworks */,
				16708684188A30630083CFA9 /* QuartzCore.framework in Frameworks */,
				16708682188A305C0083CFA9 /* MobileCoreServices.framework in Frameworks */,
				16708680188A30510083CFA9 /* libz.dylib in Frameworks */,
				1670867E188A30420083CFA9 /* CoreLocation.framework in Frameworks */,
				1670867C188A30320083CFA9 /* CFNetwork.framework in Frameworks */,
				1670867A188A302C0083CFA9 /* AudioToolbox.framework in Frameworks */,
				E187808D188A296C00E48E49 /* UIKit.framework in Frameworks */,
				E1878089188A296C00E48E49 /* Foundation.framework in Frameworks */,
				6BAFF122517A4242B070DA3D /* libPods.a in Frameworks */,
			);
			runOnlyForDeploymentPostprocessing = 0;
		};
		E18780A6188A296C00E48E49 /* Frameworks */ = {
			isa = PBXFrameworksBuildPhase;
			buildActionMask = 2147483647;
			files = (
				E18780AB188A296C00E48E49 /* XCTest.framework in Frameworks */,
				E18780AD188A296C00E48E49 /* UIKit.framework in Frameworks */,
				E18780AC188A296C00E48E49 /* Foundation.framework in Frameworks */,
			);
			runOnlyForDeploymentPostprocessing = 0;
		};
/* End PBXFrameworksBuildPhase section */

/* Begin PBXGroup section */
		163EDC5718EA1ECB00371F31 /* Signup/LoginViewControllers */ = {
			isa = PBXGroup;
			children = (
				163EDC5818EA1F4B00371F31 /* LoginViewController.h */,
				163EDC5918EA1F4B00371F31 /* LoginViewController.m */,
			);
			name = Signup/LoginViewControllers;
			path = "Signup:LoginViewControllers";
			sourceTree = "<group>";
		};
		1661AEE0189EE0B2007449B0 /* Vendor */ = {
			isa = PBXGroup;
			children = (
				1661AEE1189EE0F0007449B0 /* MHTabBarController */,
			);
			path = Vendor;
			sourceTree = "<group>";
		};
		1661AEE1189EE0F0007449B0 /* MHTabBarController */ = {
			isa = PBXGroup;
			children = (
				1661AEE2189EE0F0007449B0 /* MHTabBarActiveTab.png */,
				1661AEE3189EE0F0007449B0 /* MHTabBarActiveTab@2x.png */,
				1661AEE4189EE0F0007449B0 /* MHTabBarController.h */,
				1661AEE5189EE0F0007449B0 /* MHTabBarController.m */,
				1661AEE6189EE0F0007449B0 /* MHTabBarInactiveTab.png */,
				1661AEE7189EE0F0007449B0 /* MHTabBarInactiveTab@2x.png */,
				1661AEE8189EE0F0007449B0 /* MHTabBarIndicator.png */,
				1661AEE9189EE0F0007449B0 /* MHTabBarIndicator@2x.png */,
			);
			path = MHTabBarController;
			sourceTree = "<group>";
		};
		16ADFF7E18BA94640051B099 /* Categories */ = {
			isa = PBXGroup;
			children = (
				16ADFF7F18BA95C30051B099 /* UIColor+FTColor.h */,
				16ADFF8018BA95C30051B099 /* UIColor+FTColor.m */,
			);
			path = Categories;
			sourceTree = "<group>";
		};
		16ADFF8218BC02130051B099 /* Views */ = {
			isa = PBXGroup;
			children = (
				16ADFF8318BC02470051B099 /* GameCell.h */,
				16ADFF8418BC02470051B099 /* GameCell.m */,
				16DF164818C4452300DC27FC /* UserCell.h */,
				16DF164918C4452300DC27FC /* UserCell.m */,
			);
			path = Views;
			sourceTree = "<group>";
		};
		16DF164518C3F5C100DC27FC /* Resources */ = {
			isa = PBXGroup;
			children = (
				16DF164618C3F5E300DC27FC /* raleway_thin.otf */,
			);
			path = Resources;
			sourceTree = "<group>";
		};
		E144639018A1996C008DF806 /* Game/Main Views */ = {
			isa = PBXGroup;
			children = (
				E19A567E188AF4D2009E3150 /* ConfirmDenyViewController.h */,
				E19A567F188AF4D2009E3150 /* ConfirmDenyViewController.m */,
				E19A5678188A9764009E3150 /* DeckViewController.h */,
				E19A5679188A9764009E3150 /* DeckViewController.m */,
				E1AD9A51189717E70060A615 /* GameSelectionViewController.h */,
				E1AD9A52189717E70060A615 /* GameSelectionViewController.m */,
				E1DB8C08188A3C8E00FA3713 /* GameViewController.h */,
				E1DB8C09188A3C8E00FA3713 /* GameViewController.m */,
				E19A566C188A4176009E3150 /* LobbyViewController.h */,
				E19A566D188A4176009E3150 /* LobbyViewController.m */,
				E19A567B188A9844009E3150 /* ParticipantsViewController.h */,
				E19A567C188A9844009E3150 /* ParticipantsViewController.m */,
			);
			name = "Game/Main Views";
			sourceTree = "<group>";
		};
		E144639118A19973008DF806 /* Settings and Friends */ = {
			isa = PBXGroup;
			children = (
				1661AEF1189EE1FC007449B0 /* SettingsViewController.h */,
				1661AEF2189EE1FC007449B0 /* SettingsViewController.m */,
				168C96D2189EE51D00A890C4 /* TabBarViewController.h */,
				168C96D3189EE51E00A890C4 /* TabBarViewController.m */,
				168C96D5189EED8700A890C4 /* FindFriendsSearchViewController.h */,
				168C96D6189EED8700A890C4 /* FindFriendsSearchViewController.m */,
				168C96D8189EEF6300A890C4 /* FindFriendsFacebookViewController.h */,
				168C96D9189EEF6300A890C4 /* FindFriendsFacebookViewController.m */,
				168C96DB189EEF7700A890C4 /* AllFriendsViewController.h */,
				168C96DC189EEF7700A890C4 /* AllFriendsViewController.m */,
			);
			name = "Settings and Friends";
			sourceTree = "<group>";
		};
		E144639218A19978008DF806 /* GameSetup */ = {
			isa = PBXGroup;
			children = (
				167BDBE9188A7AA900931CFE /* InviteToGameTableViewController.h */,
				167BDBEA188A7AA900931CFE /* InviteToGameTableViewController.m */,
				E19A5672188A45C2009E3150 /* SetupViewController.h */,
				E19A5673188A45C2009E3150 /* SetupViewController.m */,
			);
			name = GameSetup;
			sourceTree = "<group>";
		};
		E187807C188A296C00E48E49 = {
			isa = PBXGroup;
			children = (
				E187808E188A296C00E48E49 /* FaceTag */,
				E18780B0188A296C00E48E49 /* FaceTagTests */,
				E1878087188A296C00E48E49 /* Frameworks */,
				E1878086188A296C00E48E49 /* Products */,
				BABC1E38437146AA8BC0B552 /* Pods.xcconfig */,
			);
			sourceTree = "<group>";
		};
		E1878086188A296C00E48E49 /* Products */ = {
			isa = PBXGroup;
			children = (
				E1878085188A296C00E48E49 /* FaceTag - Photo Tag Game.app */,
				E18780A9188A296C00E48E49 /* FaceTagTests.xctest */,
			);
			name = Products;
			sourceTree = "<group>";
		};
		E1878087188A296C00E48E49 /* Frameworks */ = {
			isa = PBXGroup;
			children = (
				E192E6F9189F01830042C4B8 /* Crashlytics.framework */,
				16708689188A30850083CFA9 /* SystemConfiguration.framework */,
				16708687188A307D0083CFA9 /* StoreKit.framework */,
				16708685188A306C0083CFA9 /* Security.framework */,
				16708683188A30630083CFA9 /* QuartzCore.framework */,
				16708681188A305C0083CFA9 /* MobileCoreServices.framework */,
				1670867F188A30510083CFA9 /* libz.dylib */,
				1670867D188A30420083CFA9 /* CoreLocation.framework */,
				1670867B188A30320083CFA9 /* CFNetwork.framework */,
				16708679188A302C0083CFA9 /* AudioToolbox.framework */,
				E1878088188A296C00E48E49 /* Foundation.framework */,
				E187808A188A296C00E48E49 /* CoreGraphics.framework */,
				E187808C188A296C00E48E49 /* UIKit.framework */,
				E18780AA188A296C00E48E49 /* XCTest.framework */,
				6ACFA5F764264A56BB6CDB6F /* libPods.a */,
			);
			name = Frameworks;
			sourceTree = "<group>";
		};
		E187808E188A296C00E48E49 /* FaceTag */ = {
			isa = PBXGroup;
			children = (
				163EDC5718EA1ECB00371F31 /* Signup/LoginViewControllers */,
				16DF164518C3F5C100DC27FC /* Resources */,
				16ADFF8218BC02130051B099 /* Views */,
				16ADFF7E18BA94640051B099 /* Categories */,
				E1878097188A296C00E48E49 /* AppDelegate.h */,
				E1878098188A296C00E48E49 /* AppDelegate.m */,
				E187809A188A296C00E48E49 /* Main_iPhone.storyboard */,
				E187809D188A296C00E48E49 /* Main_iPad.storyboard */,
				E144639218A19978008DF806 /* GameSetup */,
				E144639018A1996C008DF806 /* Game/Main Views */,
				E144639118A19973008DF806 /* Settings and Friends */,
				1661AEE0189EE0B2007449B0 /* Vendor */,
				E18780A3188A296C00E48E49 /* Images.xcassets */,
				E187808F188A296C00E48E49 /* Supporting Files */,
			);
			path = FaceTag;
			sourceTree = "<group>";
		};
		E187808F188A296C00E48E49 /* Supporting Files */ = {
			isa = PBXGroup;
			children = (
				E1919118190D9BB50018E1D1 /* strings_private.strings */,
				E1878090188A296C00E48E49 /* FaceTag-Info.plist */,
				E1878091188A296C00E48E49 /* InfoPlist.strings */,
				E1878094188A296C00E48E49 /* main.m */,
				E1878096188A296C00E48E49 /* FaceTag-Prefix.pch */,
			);
			name = "Supporting Files";
			sourceTree = "<group>";
		};
		E18780B0188A296C00E48E49 /* FaceTagTests */ = {
			isa = PBXGroup;
			children = (
				E18780B6188A296C00E48E49 /* FaceTagTests.m */,
				E18780B1188A296C00E48E49 /* Supporting Files */,
			);
			path = FaceTagTests;
			sourceTree = "<group>";
		};
		E18780B1188A296C00E48E49 /* Supporting Files */ = {
			isa = PBXGroup;
			children = (
				E18780B2188A296C00E48E49 /* FaceTagTests-Info.plist */,
				E18780B3188A296C00E48E49 /* InfoPlist.strings */,
			);
			name = "Supporting Files";
			sourceTree = "<group>";
		};
/* End PBXGroup section */

/* Begin PBXNativeTarget section */
		E1878084188A296C00E48E49 /* FaceTag - Photo Tag Game */ = {
			isa = PBXNativeTarget;
			buildConfigurationList = E18780BA188A296C00E48E49 /* Build configuration list for PBXNativeTarget "FaceTag - Photo Tag Game" */;
			buildPhases = (
				1E807E2025F8488BBAC8CF7E /* Check Pods Manifest.lock */,
				E1878081188A296C00E48E49 /* Sources */,
				E1878082188A296C00E48E49 /* Frameworks */,
				E1878083188A296C00E48E49 /* Resources */,
				751B8559EFA64EECACC0B4C7 /* Copy Pods Resources */,
				E192E6F8189F00F20042C4B8 /* ShellScript */,
			);
			buildRules = (
			);
			dependencies = (
			);
			name = "FaceTag - Photo Tag Game";
			productName = FaceTag;
			productReference = E1878085188A296C00E48E49 /* FaceTag - Photo Tag Game.app */;
			productType = "com.apple.product-type.application";
		};
		E18780A8188A296C00E48E49 /* FaceTagTests */ = {
			isa = PBXNativeTarget;
			buildConfigurationList = E18780BD188A296C00E48E49 /* Build configuration list for PBXNativeTarget "FaceTagTests" */;
			buildPhases = (
				E18780A5188A296C00E48E49 /* Sources */,
				E18780A6188A296C00E48E49 /* Frameworks */,
				E18780A7188A296C00E48E49 /* Resources */,
			);
			buildRules = (
			);
			dependencies = (
				E18780AF188A296C00E48E49 /* PBXTargetDependency */,
			);
			name = FaceTagTests;
			productName = FaceTagTests;
			productReference = E18780A9188A296C00E48E49 /* FaceTagTests.xctest */;
			productType = "com.apple.product-type.bundle.unit-test";
		};
/* End PBXNativeTarget section */

/* Begin PBXProject section */
		E187807D188A296C00E48E49 /* Project object */ = {
			isa = PBXProject;
			attributes = {
				LastUpgradeCheck = 0510;
				ORGANIZATIONNAME = GrinnellAppDev;
				TargetAttributes = {
					E1878084188A296C00E48E49 = {
						DevelopmentTeam = H69TS4DPUJ;
					};
					E18780A8188A296C00E48E49 = {
						TestTargetID = E1878084188A296C00E48E49;
					};
				};
			};
			buildConfigurationList = E1878080188A296C00E48E49 /* Build configuration list for PBXProject "FaceTag" */;
			compatibilityVersion = "Xcode 3.2";
			developmentRegion = English;
			hasScannedForEncodings = 0;
			knownRegions = (
				en,
				Base,
			);
			mainGroup = E187807C188A296C00E48E49;
			productRefGroup = E1878086188A296C00E48E49 /* Products */;
			projectDirPath = "";
			projectRoot = "";
			targets = (
				E1878084188A296C00E48E49 /* FaceTag - Photo Tag Game */,
				E18780A8188A296C00E48E49 /* FaceTagTests */,
			);
		};
/* End PBXProject section */

/* Begin PBXResourcesBuildPhase section */
		E1878083188A296C00E48E49 /* Resources */ = {
			isa = PBXResourcesBuildPhase;
			buildActionMask = 2147483647;
			files = (
				1661AEEF189EE0F0007449B0 /* MHTabBarIndicator.png in Resources */,
				E187809F188A296C00E48E49 /* Main_iPad.storyboard in Resources */,
				E18780A4188A296C00E48E49 /* Images.xcassets in Resources */,
				1661AEEA189EE0F0007449B0 /* MHTabBarActiveTab.png in Resources */,
				E187809C188A296C00E48E49 /* Main_iPhone.storyboard in Resources */,
				16DF164718C3F5E300DC27FC /* raleway_thin.otf in Resources */,
				1661AEEE189EE0F0007449B0 /* MHTabBarInactiveTab@2x.png in Resources */,
				1661AEEB189EE0F0007449B0 /* MHTabBarActiveTab@2x.png in Resources */,
				1661AEF0189EE0F0007449B0 /* MHTabBarIndicator@2x.png in Resources */,
				1661AEED189EE0F0007449B0 /* MHTabBarInactiveTab.png in Resources */,
				E1878093188A296C00E48E49 /* InfoPlist.strings in Resources */,
				E1919119190D9BB50018E1D1 /* strings_private.strings in Resources */,
			);
			runOnlyForDeploymentPostprocessing = 0;
		};
		E18780A7188A296C00E48E49 /* Resources */ = {
			isa = PBXResourcesBuildPhase;
			buildActionMask = 2147483647;
			files = (
				E18780B5188A296C00E48E49 /* InfoPlist.strings in Resources */,
			);
			runOnlyForDeploymentPostprocessing = 0;
		};
/* End PBXResourcesBuildPhase section */

/* Begin PBXShellScriptBuildPhase section */
		1E807E2025F8488BBAC8CF7E /* Check Pods Manifest.lock */ = {
			isa = PBXShellScriptBuildPhase;
			buildActionMask = 2147483647;
			files = (
			);
			inputPaths = (
			);
			name = "Check Pods Manifest.lock";
			outputPaths = (
			);
			runOnlyForDeploymentPostprocessing = 0;
			shellPath = /bin/sh;
			shellScript = "diff \"${PODS_ROOT}/../Podfile.lock\" \"${PODS_ROOT}/Manifest.lock\" > /dev/null\nif [[ $? != 0 ]] ; then\n    cat << EOM\nerror: The sandbox is not in sync with the Podfile.lock. Run 'pod install' or update your CocoaPods installation.\nEOM\n    exit 1\nfi\n";
			showEnvVarsInLog = 0;
		};
		751B8559EFA64EECACC0B4C7 /* Copy Pods Resources */ = {
			isa = PBXShellScriptBuildPhase;
			buildActionMask = 2147483647;
			files = (
			);
			inputPaths = (
			);
			name = "Copy Pods Resources";
			outputPaths = (
			);
			runOnlyForDeploymentPostprocessing = 0;
			shellPath = /bin/sh;
			shellScript = "\"${SRCROOT}/Pods/Pods-resources.sh\"\n";
			showEnvVarsInLog = 0;
		};
		E192E6F8189F00F20042C4B8 /* ShellScript */ = {
			isa = PBXShellScriptBuildPhase;
			buildActionMask = 2147483647;
			files = (
			);
			inputPaths = (
			);
			outputPaths = (
			);
			runOnlyForDeploymentPostprocessing = 0;
			shellPath = /bin/sh;
			shellScript = "./Crashlytics.framework/run 45894d9e8a6bc3b8513651d6de36159e2c836e51";
		};
/* End PBXShellScriptBuildPhase section */

/* Begin PBXSourcesBuildPhase section */
		E1878081188A296C00E48E49 /* Sources */ = {
			isa = PBXSourcesBuildPhase;
			buildActionMask = 2147483647;
			files = (
				168C96DD189EEF7700A890C4 /* AllFriendsViewController.m in Sources */,
				16DF164A18C4452300DC27FC /* UserCell.m in Sources */,
				E19A567D188A9844009E3150 /* ParticipantsViewController.m in Sources */,
				E19A567A188A9764009E3150 /* DeckViewController.m in Sources */,
				163EDC5A18EA1F4B00371F31 /* LoginViewController.m in Sources */,
				16ADFF8118BA95C30051B099 /* UIColor+FTColor.m in Sources */,
				168C96D4189EE51E00A890C4 /* TabBarViewController.m in Sources */,
				E1DB8C0A188A3C8E00FA3713 /* GameViewController.m in Sources */,
				E1878099188A296C00E48E49 /* AppDelegate.m in Sources */,
				1661AEEC189EE0F0007449B0 /* MHTabBarController.m in Sources */,
				E1AD9A53189717E70060A615 /* GameSelectionViewController.m in Sources */,
				16ADFF8518BC02470051B099 /* GameCell.m in Sources */,
				168C96DA189EEF6300A890C4 /* FindFriendsFacebookViewController.m in Sources */,
				168C96D7189EED8700A890C4 /* FindFriendsSearchViewController.m in Sources */,
				E1878095188A296C00E48E49 /* main.m in Sources */,
				E19A5674188A45C2009E3150 /* SetupViewController.m in Sources */,
				E19A5680188AF4D2009E3150 /* ConfirmDenyViewController.m in Sources */,
				167BDBEB188A7AA900931CFE /* InviteToGameTableViewController.m in Sources */,
				E19A5670188A4176009E3150 /* LobbyViewController.m in Sources */,
				1661AEF3189EE1FC007449B0 /* SettingsViewController.m in Sources */,
			);
			runOnlyForDeploymentPostprocessing = 0;
		};
		E18780A5188A296C00E48E49 /* Sources */ = {
			isa = PBXSourcesBuildPhase;
			buildActionMask = 2147483647;
			files = (
				E18780B7188A296C00E48E49 /* FaceTagTests.m in Sources */,
			);
			runOnlyForDeploymentPostprocessing = 0;
		};
/* End PBXSourcesBuildPhase section */

/* Begin PBXTargetDependency section */
		E18780AF188A296C00E48E49 /* PBXTargetDependency */ = {
			isa = PBXTargetDependency;
			target = E1878084188A296C00E48E49 /* FaceTag - Photo Tag Game */;
			targetProxy = E18780AE188A296C00E48E49 /* PBXContainerItemProxy */;
		};
/* End PBXTargetDependency section */

/* Begin PBXVariantGroup section */
		E1878091188A296C00E48E49 /* InfoPlist.strings */ = {
			isa = PBXVariantGroup;
			children = (
				E1878092188A296C00E48E49 /* en */,
			);
			name = InfoPlist.strings;
			sourceTree = "<group>";
		};
		E187809A188A296C00E48E49 /* Main_iPhone.storyboard */ = {
			isa = PBXVariantGroup;
			children = (
				E187809B188A296C00E48E49 /* Base */,
			);
			name = Main_iPhone.storyboard;
			sourceTree = "<group>";
		};
		E187809D188A296C00E48E49 /* Main_iPad.storyboard */ = {
			isa = PBXVariantGroup;
			children = (
				E187809E188A296C00E48E49 /* Base */,
			);
			name = Main_iPad.storyboard;
			sourceTree = "<group>";
		};
		E18780B3188A296C00E48E49 /* InfoPlist.strings */ = {
			isa = PBXVariantGroup;
			children = (
				E18780B4188A296C00E48E49 /* en */,
			);
			name = InfoPlist.strings;
			sourceTree = "<group>";
		};
/* End PBXVariantGroup section */

/* Begin XCBuildConfiguration section */
		E18780B8188A296C00E48E49 /* Debug */ = {
			isa = XCBuildConfiguration;
			buildSettings = {
				ALWAYS_SEARCH_USER_PATHS = NO;
				CLANG_CXX_LANGUAGE_STANDARD = "gnu++0x";
				CLANG_CXX_LIBRARY = "libc++";
				CLANG_ENABLE_MODULES = YES;
				CLANG_ENABLE_OBJC_ARC = YES;
				CLANG_WARN_BOOL_CONVERSION = YES;
				CLANG_WARN_CONSTANT_CONVERSION = YES;
				CLANG_WARN_DIRECT_OBJC_ISA_USAGE = YES_ERROR;
				CLANG_WARN_EMPTY_BODY = YES;
				CLANG_WARN_ENUM_CONVERSION = YES;
				CLANG_WARN_INT_CONVERSION = YES;
				CLANG_WARN_OBJC_ROOT_CLASS = YES_ERROR;
				CLANG_WARN__DUPLICATE_METHOD_MATCH = YES;
				CODE_SIGN_IDENTITY = "iPhone Distribution: Lea Marolt (H69TS4DPUJ)";
				"CODE_SIGN_IDENTITY[sdk=iphoneos*]" = "iPhone Distribution: Lea Marolt (H69TS4DPUJ)";
				COPY_PHASE_STRIP = NO;
				GCC_C_LANGUAGE_STANDARD = gnu99;
				GCC_DYNAMIC_NO_PIC = NO;
				GCC_OPTIMIZATION_LEVEL = 0;
				GCC_PREPROCESSOR_DEFINITIONS = (
					"DEBUG=1",
					"$(inherited)",
				);
				GCC_SYMBOLS_PRIVATE_EXTERN = NO;
				GCC_WARN_64_TO_32_BIT_CONVERSION = YES;
				GCC_WARN_ABOUT_RETURN_TYPE = YES_ERROR;
				GCC_WARN_UNDECLARED_SELECTOR = YES;
				GCC_WARN_UNINITIALIZED_AUTOS = YES;
				GCC_WARN_UNUSED_FUNCTION = YES;
				GCC_WARN_UNUSED_VARIABLE = YES;
				IPHONEOS_DEPLOYMENT_TARGET = 7.0;
				ONLY_ACTIVE_ARCH = YES;
				PROVISIONING_PROFILE = "30BB3AA1-BA0B-4420-ACF6-F8FFC97D0593";
				SDKROOT = iphoneos;
				TARGETED_DEVICE_FAMILY = "1,2";
			};
			name = Debug;
		};
		E18780B9188A296C00E48E49 /* Release */ = {
			isa = XCBuildConfiguration;
			buildSettings = {
				ALWAYS_SEARCH_USER_PATHS = NO;
				CLANG_CXX_LANGUAGE_STANDARD = "gnu++0x";
				CLANG_CXX_LIBRARY = "libc++";
				CLANG_ENABLE_MODULES = YES;
				CLANG_ENABLE_OBJC_ARC = YES;
				CLANG_WARN_BOOL_CONVERSION = YES;
				CLANG_WARN_CONSTANT_CONVERSION = YES;
				CLANG_WARN_DIRECT_OBJC_ISA_USAGE = YES_ERROR;
				CLANG_WARN_EMPTY_BODY = YES;
				CLANG_WARN_ENUM_CONVERSION = YES;
				CLANG_WARN_INT_CONVERSION = YES;
				CLANG_WARN_OBJC_ROOT_CLASS = YES_ERROR;
				CLANG_WARN__DUPLICATE_METHOD_MATCH = YES;
				CODE_SIGN_IDENTITY = "iPhone Distribution: Lea Marolt (H69TS4DPUJ)";
				"CODE_SIGN_IDENTITY[sdk=iphoneos*]" = "iPhone Distribution: Lea Marolt (H69TS4DPUJ)";
				COPY_PHASE_STRIP = YES;
				ENABLE_NS_ASSERTIONS = NO;
				GCC_C_LANGUAGE_STANDARD = gnu99;
				GCC_WARN_64_TO_32_BIT_CONVERSION = YES;
				GCC_WARN_ABOUT_RETURN_TYPE = YES_ERROR;
				GCC_WARN_UNDECLARED_SELECTOR = YES;
				GCC_WARN_UNINITIALIZED_AUTOS = YES;
				GCC_WARN_UNUSED_FUNCTION = YES;
				GCC_WARN_UNUSED_VARIABLE = YES;
				IPHONEOS_DEPLOYMENT_TARGET = 7.0;
				PROVISIONING_PROFILE = "30BB3AA1-BA0B-4420-ACF6-F8FFC97D0593";
				SDKROOT = iphoneos;
				TARGETED_DEVICE_FAMILY = "1,2";
				VALIDATE_PRODUCT = YES;
			};
			name = Release;
		};
		E18780BB188A296C00E48E49 /* Debug */ = {
			isa = XCBuildConfiguration;
			baseConfigurationReference = BABC1E38437146AA8BC0B552 /* Pods.xcconfig */;
			buildSettings = {
				ASSETCATALOG_COMPILER_APPICON_NAME = AppIcon;
				ASSETCATALOG_COMPILER_LAUNCHIMAGE_NAME = LaunchImage;
				CODE_SIGN_IDENTITY = "iPhone Developer";
				"CODE_SIGN_IDENTITY[sdk=iphoneos*]" = "iPhone Developer";
				FRAMEWORK_SEARCH_PATHS = (
					"$(inherited)",
					"/Users/tremblay/FaceTag-iOS",
					"$(SRCROOT)",
				);
				GCC_PRECOMPILE_PREFIX_HEADER = YES;
				GCC_PREFIX_HEADER = "FaceTag/FaceTag-Prefix.pch";
				INFOPLIST_FILE = "FaceTag/FaceTag-Info.plist";
				PRODUCT_NAME = "$(TARGET_NAME)";
				PROVISIONING_PROFILE = "";
				TARGETED_DEVICE_FAMILY = 1;
				WRAPPER_EXTENSION = app;
			};
			name = Debug;
		};
		E18780BC188A296C00E48E49 /* Release */ = {
			isa = XCBuildConfiguration;
			baseConfigurationReference = BABC1E38437146AA8BC0B552 /* Pods.xcconfig */;
			buildSettings = {
				ASSETCATALOG_COMPILER_APPICON_NAME = AppIcon;
				ASSETCATALOG_COMPILER_LAUNCHIMAGE_NAME = LaunchImage;
				CODE_SIGN_IDENTITY = "iPhone Developer";
				"CODE_SIGN_IDENTITY[sdk=iphoneos*]" = "iPhone Developer";
				FRAMEWORK_SEARCH_PATHS = (
					"$(inherited)",
					"/Users/tremblay/FaceTag-iOS",
					"$(SRCROOT)",
				);
				GCC_PRECOMPILE_PREFIX_HEADER = YES;
				GCC_PREFIX_HEADER = "FaceTag/FaceTag-Prefix.pch";
				INFOPLIST_FILE = "FaceTag/FaceTag-Info.plist";
				PRODUCT_NAME = "$(TARGET_NAME)";
				PROVISIONING_PROFILE = "";
				TARGETED_DEVICE_FAMILY = 1;
				WRAPPER_EXTENSION = app;
			};
			name = Release;
		};
		E18780BE188A296C00E48E49 /* Debug */ = {
			isa = XCBuildConfiguration;
			buildSettings = {
				BUNDLE_LOADER = "$(BUILT_PRODUCTS_DIR)/FaceTag.app/FaceTag";
				FRAMEWORK_SEARCH_PATHS = (
					"$(SDKROOT)/Developer/Library/Frameworks",
					"$(inherited)",
					"$(DEVELOPER_FRAMEWORKS_DIR)",
				);
				GCC_PRECOMPILE_PREFIX_HEADER = YES;
				GCC_PREFIX_HEADER = "FaceTag/FaceTag-Prefix.pch";
				GCC_PREPROCESSOR_DEFINITIONS = (
					"DEBUG=1",
					"$(inherited)",
				);
				INFOPLIST_FILE = "FaceTagTests/FaceTagTests-Info.plist";
				PRODUCT_NAME = "$(TARGET_NAME)";
				TEST_HOST = "$(BUNDLE_LOADER)";
				WRAPPER_EXTENSION = xctest;
			};
			name = Debug;
		};
		E18780BF188A296C00E48E49 /* Release */ = {
			isa = XCBuildConfiguration;
			buildSettings = {
				BUNDLE_LOADER = "$(BUILT_PRODUCTS_DIR)/FaceTag.app/FaceTag";
				FRAMEWORK_SEARCH_PATHS = (
					"$(SDKROOT)/Developer/Library/Frameworks",
					"$(inherited)",
					"$(DEVELOPER_FRAMEWORKS_DIR)",
				);
				GCC_PRECOMPILE_PREFIX_HEADER = YES;
				GCC_PREFIX_HEADER = "FaceTag/FaceTag-Prefix.pch";
				INFOPLIST_FILE = "FaceTagTests/FaceTagTests-Info.plist";
				PRODUCT_NAME = "$(TARGET_NAME)";
				TEST_HOST = "$(BUNDLE_LOADER)";
				WRAPPER_EXTENSION = xctest;
			};
			name = Release;
		};
/* End XCBuildConfiguration section */

/* Begin XCConfigurationList section */
		E1878080188A296C00E48E49 /* Build configuration list for PBXProject "FaceTag" */ = {
			isa = XCConfigurationList;
			buildConfigurations = (
				E18780B8188A296C00E48E49 /* Debug */,
				E18780B9188A296C00E48E49 /* Release */,
			);
			defaultConfigurationIsVisible = 0;
			defaultConfigurationName = Release;
		};
		E18780BA188A296C00E48E49 /* Build configuration list for PBXNativeTarget "FaceTag - Photo Tag Game" */ = {
			isa = XCConfigurationList;
			buildConfigurations = (
				E18780BB188A296C00E48E49 /* Debug */,
				E18780BC188A296C00E48E49 /* Release */,
			);
			defaultConfigurationIsVisible = 0;
			defaultConfigurationName = Release;
		};
		E18780BD188A296C00E48E49 /* Build configuration list for PBXNativeTarget "FaceTagTests" */ = {
			isa = XCConfigurationList;
			buildConfigurations = (
				E18780BE188A296C00E48E49 /* Debug */,
				E18780BF188A296C00E48E49 /* Release */,
			);
			defaultConfigurationIsVisible = 0;
			defaultConfigurationName = Release;
		};
/* End XCConfigurationList section */
	};
	rootObject = E187807D188A296C00E48E49 /* Project object */;
}
